<?xml version="1.0" encoding="utf-8"?>
<Project ToolsVersion="4.0" xmlns="http://schemas.microsoft.com/developer/msbuild/2003">
  <ItemGroup>
    <Filter Include="Исходные файлы">
      <UniqueIdentifier>{4FC737F1-C7A5-4376-A066-2A32D752A2FF}</UniqueIdentifier>
      <Extensions>cpp;c;cc;cxx;c++;cppm;ixx;def;odl;idl;hpj;bat;asm;asmx</Extensions>
    </Filter>
    <Filter Include="Файлы заголовков">
      <UniqueIdentifier>{93995380-89BD-4b04-88EB-625FBE52EBFB}</UniqueIdentifier>
      <Extensions>h;hh;hpp;hxx;h++;hm;inl;inc;ipp;xsd</Extensions>
    </Filter>
    <Filter Include="Файлы ресурсов">
      <UniqueIdentifier>{67DA6AB6-F800-4c08-8B7A-83BB121AAD01}</UniqueIdentifier>
      <Extensions>rc;ico;cur;bmp;dlg;rc2;rct;bin;rgs;gif;jpg;jpeg;jpe;resx;tiff;tif;png;wav;mfcribbon-ms</Extensions>
    </Filter>
    <Filter Include="Исходные файлы\main">
      <UniqueIdentifier>{2b0a35f2-880b-40b7-9303-47920d179170}</UniqueIdentifier>
    </Filter>
    <Filter Include="Исходные файлы\localplayer">
      <UniqueIdentifier>{1e8a66e2-7f49-4b7d-8430-474ce903de34}</UniqueIdentifier>
    </Filter>
    <Filter Include="Исходные файлы\modules">
      <UniqueIdentifier>{f2b03480-2f12-4c38-ad69-31b992641314}</UniqueIdentifier>
    </Filter>
    <Filter Include="Исходные файлы\utils">
      <UniqueIdentifier>{6378440e-a115-4749-a272-82f566eada02}</UniqueIdentifier>
    </Filter>
    <Filter Include="Исходные файлы\entity">
      <UniqueIdentifier>{091a384f-fe55-48f6-ae97-e577bdfd1e66}</UniqueIdentifier>
    </Filter>
  </ItemGroup>
  <ItemGroup>
    <ClCompile Include="dllmain.cpp">
      <Filter>Исходные файлы</Filter>
    </ClCompile>
    <ClCompile Include="baseapp.cpp">
      <Filter>Исходные файлы\main</Filter>
    </ClCompile>
    <ClCompile Include="basethread.cpp">
      <Filter>Исходные файлы\main</Filter>
    </ClCompile>
    <ClCompile Include="localplayer.cpp">
      <Filter>Исходные файлы\localplayer</Filter>
    </ClCompile>
    <ClCompile Include="bhop.cpp">
      <Filter>Исходные файлы\modules</Filter>
    </ClCompile>
    <ClCompile Include="noflash.cpp">
      <Filter>Исходные файлы\modules</Filter>
    </ClCompile>
    <ClCompile Include="entity.h">
      <Filter>Исходные файлы\entity</Filter>
    </ClCompile>
    <ClCompile Include="entity.cpp">
      <Filter>Исходные файлы\entity</Filter>
    </ClCompile>
  </ItemGroup>
  <ItemGroup>
    <ClInclude Include="includes.h">
      <Filter>Файлы заголовков</Filter>
    </ClInclude>
    <ClInclude Include="offsets.h">
      <Filter>Файлы заголовков</Filter>
    </ClInclude>
    <ClInclude Include="baseapp.h">
      <Filter>Исходные файлы\main</Filter>
    </ClInclude>
    <ClInclude Include="localplayer.h">
      <Filter>Исходные файлы\localplayer</Filter>
    </ClInclude>
    <ClInclude Include="defines.h">
      <Filter>Файлы заголовков</Filter>
    </ClInclude>
    <ClInclude Include="allmodules.h">
      <Filter>Исходные файлы\modules</Filter>
    </ClInclude>
    <ClInclude Include="vec.h">
      <Filter>Исходные файлы\utils</Filter>
    </ClInclude>
  </ItemGroup>
</Project>